
Microsoft Visual Studio Solution File, Format Version 12.00
# Visual Studio Version 17
VisualStudioVersion = 17.4.33122.133
MinimumVisualStudioVersion = 10.0.40219.1
Project("{9A19103F-16F7-4668-BE54-9A1E7A4F7556}") = "Kacper_Makosa_TicTacToe", "Kacper_Makosa_TicTacToe.csproj", "{92625574-9119-4D67-AABF-22CB0300BBF5}"
EndProject
Global
	GlobalSection(SolutionConfigurationPlatforms) = preSolution
		Debug|Any CPU = Debug|Any CPU
		Release|Any CPU = Release|Any CPU
	EndGlobalSection
	GlobalSection(ProjectConfigurationPlatforms) = postSolution
		{92625574-9119-4D67-AABF-22CB0300BBF5}.Debug|Any CPU.ActiveCfg = Debug|Any CPU
		{92625574-9119-4D67-AABF-22CB0300BBF5}.Debug|Any CPU.Build.0 = Debug|Any CPU
		{92625574-9119-4D67-AABF-22CB0300BBF5}.Release|Any CPU.ActiveCfg = Release|Any CPU
		{92625574-9119-4D67-AABF-22CB0300BBF5}.Release|Any CPU.Build.0 = Release|Any CPU
	EndGlobalSection
	GlobalSection(SolutionProperties) = preSolution
		HideSolutionNode = FALSE
	EndGlobalSection
	GlobalSection(ExtensibilityGlobals) = postSolution
		SolutionGuid = {C736B557-6EE5-42F5-9443-305C0099AF21}
	EndGlobalSection
EndGlobal
